{
  "version": 4,
  "terraform_version": "1.5.0",
  "serial": 68,
  "lineage": "d79a031c-1f30-65d1-25b3-733071de8089",
  "outputs": {},
  "resources": [
    {
      "mode": "managed",
      "type": "google_compute_disk",
      "name": "assignment_disk",
      "provider": "provider[\"registry.terraform.io/hashicorp/google\"]",
      "instances": [
        {
          "schema_version": 0,
          "attributes": {
            "creation_timestamp": "2023-06-17T14:14:12.886-07:00",
            "description": "",
            "disk_encryption_key": [],
            "guest_os_features": [],
            "id": "projects/advance-cloud-assignment/zones/us-central1-a/disks/assignment-cluster-disk",
            "image": "",
            "label_fingerprint": "42WmSpB8rSM=",
            "labels": null,
            "last_attach_timestamp": "",
            "last_detach_timestamp": "",
            "licenses": [],
            "name": "assignment-cluster-disk",
            "physical_block_size_bytes": 4096,
            "project": "advance-cloud-assignment",
            "provisioned_iops": 0,
            "self_link": "https://www.googleapis.com/compute/v1/projects/advance-cloud-assignment/zones/us-central1-a/disks/assignment-cluster-disk",
            "size": 10,
            "snapshot": "",
            "source_disk": "",
            "source_disk_id": "",
            "source_image_encryption_key": [],
            "source_image_id": "",
            "source_snapshot_encryption_key": [],
            "source_snapshot_id": "",
            "timeouts": null,
            "type": "pd-standard",
            "users": [],
            "zone": "us-central1-a"
          },
          "sensitive_attributes": [],
          "private": "eyJlMmJmYjczMC1lY2FhLTExZTYtOGY4OC0zNDM2M2JjN2M0YzAiOnsiY3JlYXRlIjoxMjAwMDAwMDAwMDAwLCJkZWxldGUiOjEyMDAwMDAwMDAwMDAsInVwZGF0ZSI6MTIwMDAwMDAwMDAwMH19"
        }
      ]
    },
    {
      "mode": "managed",
      "type": "google_container_cluster",
      "name": "csci5409_assignment_cluster",
      "provider": "provider[\"registry.terraform.io/hashicorp/google\"]",
      "instances": [
        {
          "schema_version": 1,
          "attributes": {
            "addons_config": [
              {
                "cloudrun_config": [],
                "config_connector_config": [],
                "dns_cache_config": [],
                "gce_persistent_disk_csi_driver_config": [
                  {
                    "enabled": true
                  }
                ],
                "gcp_filestore_csi_driver_config": [],
                "gke_backup_agent_config": [],
                "horizontal_pod_autoscaling": [],
                "http_load_balancing": [],
                "network_policy_config": [
                  {
                    "disabled": true
                  }
                ]
              }
            ],
            "authenticator_groups_config": [],
            "binary_authorization": [
              {
                "enabled": false,
                "evaluation_mode": ""
              }
            ],
            "cluster_autoscaling": [
              {
                "auto_provisioning_defaults": [],
                "enabled": false,
                "resource_limits": []
              }
            ],
            "cluster_ipv4_cidr": "10.16.0.0/14",
            "confidential_nodes": [],
            "cost_management_config": [],
            "database_encryption": [
              {
                "key_name": "",
                "state": "DECRYPTED"
              }
            ],
            "datapath_provider": "",
            "default_max_pods_per_node": null,
            "default_snat_status": [
              {
                "disabled": false
              }
            ],
            "description": "",
            "dns_config": [],
            "enable_autopilot": false,
            "enable_binary_authorization": false,
            "enable_intranode_visibility": false,
            "enable_kubernetes_alpha": false,
            "enable_l4_ilb_subsetting": false,
            "enable_legacy_abac": false,
            "enable_shielded_nodes": true,
            "enable_tpu": false,
            "endpoint": "104.198.251.33",
            "gateway_api_config": [],
            "id": "projects/advance-cloud-assignment/locations/us-central1-a/clusters/assignment-cluster",
            "initial_node_count": 1,
            "ip_allocation_policy": [],
            "label_fingerprint": "a9dc16a7",
            "location": "us-central1-a",
            "logging_config": [
              {
                "enable_components": [
                  "SYSTEM_COMPONENTS",
                  "WORKLOADS"
                ]
              }
            ],
            "logging_service": "logging.googleapis.com/kubernetes",
            "maintenance_policy": [],
            "master_auth": [
              {
                "client_certificate": "",
                "client_certificate_config": [
                  {
                    "issue_client_certificate": false
                  }
                ],
                "client_key": "",
                "cluster_ca_certificate": "LS0tLS1CRUdJTiBDRVJUSUZJQ0FURS0tLS0tCk1JSUVMVENDQXBXZ0F3SUJBZ0lSQVBjRlNjWW00c2hpZElHNStMc0lqc2N3RFFZSktvWklodmNOQVFFTEJRQXcKTHpFdE1Dc0dBMVVFQXhNa01qRm1OVEJsWWpVdE9UZGpaUzAwTW1RMExUbGpZbVF0TjJKaE1EQTNOemczWldVMgpNQ0FYRFRJek1EWXhOekl3TVRReE0xb1lEekl3TlRNd05qQTVNakV4TkRFeldqQXZNUzB3S3dZRFZRUURFeVF5Ck1XWTFNR1ZpTlMwNU4yTmxMVFF5WkRRdE9XTmlaQzAzWW1Fd01EYzNPRGRsWlRZd2dnR2lNQTBHQ1NxR1NJYjMKRFFFQkFRVUFBNElCandBd2dnR0tBb0lCZ1FDZHI4MmlYRmUzM2VYc1lqMFRkcGh6Mk1keFNEUHBMMjErQVRVdgp4a2tBQ1E1R0VrTFpQTHhIMDJHYVNsZnNlYVU3dTV1VTA4T1dmQWNjYWh1QWhNUFZKUE5TTEJ1RFBnSkJlcjd6ClNGalFvOEtEd2IrWnBaRktNeEd6cllSU3pURHJuR01teURESCtwbS9KbGhnVkZCbVRhRnNxazBvSXo1NVYxeFAKeEgxTmpKL3orRko0UDhoa1Q5S0s1MVMxSkVYdThNTmxFMWJLRUw2QWw1SkRqRUdrajlSc3d4dFc5QzZrZlp4KwovTkJZV1pUK2RvTTRWcUhOVWRuclU4QTdqRS9EL09nZ3VoTm1XeFJxUkFTdDdRWkVsZ1hNOHVHSy9ZcHRnUUVjCmw5OFR4RFkrWDdtYnRIVjB6WGZicXc0Q1pNRlkwVnNpWTNidWlIS0NCVWl0elplMnlxYkVoNHpGamZ5eDdNcUUKZmVKVGZVcmVPOXpONTgvZ1ZUL04vVElTeWo3NE9OWktGcFNDM0h6UVAyUWNvQ0tNckJ1c1cxcHRUWEUzZnRseQphalRQUEp3U2gwRWg5amFtMWJZNWoyd1JsWXArTWJCSXlRckFWVnlLZXBDT2NCRkI2Y1BxbzMwd2J5Um9kekowCm5WR3c5U1FxR2JNb3RpWFUySlN3U1Jsb2Z6a0NBd0VBQWFOQ01FQXdEZ1lEVlIwUEFRSC9CQVFEQWdJRU1BOEcKQTFVZEV3RUIvd1FGTUFNQkFmOHdIUVlEVlIwT0JCWUVGRXo2RUFRZ2RZMlc5blBXT0NHWlpMb1RwNEsrTUEwRwpDU3FHU0liM0RRRUJDd1VBQTRJQmdRQTY2SE5zeEM5MkY1WTlmVWI4bzJpNGZLZjkwbTdRck1SdXY1VjdNYW1oCjlLNHFTWUFvT0dlQ1dib09oMGlqbERJNE4vK1ZxOVlEVE1KSjNKWWdpNFIrSGdZRGY2R05ZdUpMT1hXVFJiOVIKOE90VHRocGZXUjY3dXF2Z0U4d0t2cmdTL3lLK1JuUmhKYjFLVHZXWnlDV0ozck5KRlc1NXIvL2FIbXE2cy9TSQpzSHl4UjNXWlpOa0xEUVhOZHBCQWYyNnJNd3dkUU5KQ2VEZUppQ2xWOXAxYmZqNExrMVBBbUJIR3FUeUhEdTN4CnlwbWZVOEN6SndVaGVWWWNHTlFPRmd0V2hwSHo0Y3ZicDFYR3QyTDRRbklSSm41RUMzaGk2dlpFb1JqNFlrK20KVWtEWm1LaUhIT2w2WEhlQlk0ZGxMV3d6TnU1Q04xdlB5ZDhScjBmcWd1cjl0T1E4b1J2cWxidjhWRU9lVytVcwpNU1hPS3d3NWRSWjhWazZkbDNXS1JCYlBRSlJWenN5eFJXZ2MxZ3RseW01THVwNkx3WmFZelFiU3ZWckRERHpCClVmejVYU3hkdDhQSDFLTGI4allXZ2d0aFUvL29mUzJOYW0vS3l1VzZZZWp6T1VTWEUrUm9oNklBai9pdEZCN1kKb0J6bWFmQ3ZPWS8waXdFVnRpeXFFNjg9Ci0tLS0tRU5EIENFUlRJRklDQVRFLS0tLS0K"
              }
            ],
            "master_authorized_networks_config": [],
            "master_version": "1.25.8-gke.500",
            "mesh_certificates": [],
            "min_master_version": null,
            "monitoring_config": [
              {
                "enable_components": [
                  "SYSTEM_COMPONENTS"
                ],
                "managed_prometheus": []
              }
            ],
            "monitoring_service": "monitoring.googleapis.com/kubernetes",
            "name": "assignment-cluster",
            "network": "projects/advance-cloud-assignment/global/networks/default",
            "network_policy": [
              {
                "enabled": false,
                "provider": "PROVIDER_UNSPECIFIED"
              }
            ],
            "networking_mode": "ROUTES",
            "node_config": [
              {
                "advanced_machine_features": [],
                "boot_disk_kms_key": "",
                "disk_size_gb": 10,
                "disk_type": "pd-standard",
                "ephemeral_storage_local_ssd_config": [],
                "gcfs_config": [],
                "guest_accelerator": [],
                "gvnic": [],
                "image_type": "COS_CONTAINERD",
                "kubelet_config": [],
                "labels": {},
                "linux_node_config": [],
                "local_nvme_ssd_block_config": [],
                "local_ssd_count": 0,
                "logging_variant": "DEFAULT",
                "machine_type": "e2-medium",
                "metadata": {
                  "disable-legacy-endpoints": "true"
                },
                "min_cpu_platform": "",
                "node_group": "",
                "oauth_scopes": [
                  "https://www.googleapis.com/auth/devstorage.read_only",
                  "https://www.googleapis.com/auth/logging.write",
                  "https://www.googleapis.com/auth/monitoring",
                  "https://www.googleapis.com/auth/service.management.readonly",
                  "https://www.googleapis.com/auth/servicecontrol",
                  "https://www.googleapis.com/auth/trace.append"
                ],
                "preemptible": false,
                "reservation_affinity": [],
                "resource_labels": null,
                "service_account": "default",
                "shielded_instance_config": [
                  {
                    "enable_integrity_monitoring": true,
                    "enable_secure_boot": false
                  }
                ],
                "spot": false,
                "tags": null,
                "taint": [],
                "workload_metadata_config": []
              }
            ],
            "node_locations": [],
            "node_pool": [
              {
                "autoscaling": [],
                "initial_node_count": 1,
                "instance_group_urls": [
                  "https://www.googleapis.com/compute/v1/projects/advance-cloud-assignment/zones/us-central1-a/instanceGroupManagers/gke-assignment-cluster-default-pool-3b600821-grp"
                ],
                "managed_instance_group_urls": [
                  "https://www.googleapis.com/compute/v1/projects/advance-cloud-assignment/zones/us-central1-a/instanceGroups/gke-assignment-cluster-default-pool-3b600821-grp"
                ],
                "management": [
                  {
                    "auto_repair": true,
                    "auto_upgrade": true
                  }
                ],
                "max_pods_per_node": 0,
                "name": "default-pool",
                "name_prefix": "",
                "network_config": [
                  {
                    "create_pod_range": false,
                    "enable_private_nodes": false,
                    "pod_cidr_overprovision_config": [],
                    "pod_ipv4_cidr_block": "",
                    "pod_range": ""
                  }
                ],
                "node_config": [
                  {
                    "advanced_machine_features": [],
                    "boot_disk_kms_key": "",
                    "disk_size_gb": 10,
                    "disk_type": "pd-standard",
                    "ephemeral_storage_local_ssd_config": [],
                    "gcfs_config": [],
                    "guest_accelerator": [],
                    "gvnic": [],
                    "image_type": "COS_CONTAINERD",
                    "kubelet_config": [],
                    "labels": {},
                    "linux_node_config": [],
                    "local_nvme_ssd_block_config": [],
                    "local_ssd_count": 0,
                    "logging_variant": "DEFAULT",
                    "machine_type": "e2-medium",
                    "metadata": {
                      "disable-legacy-endpoints": "true"
                    },
                    "min_cpu_platform": "",
                    "node_group": "",
                    "oauth_scopes": [
                      "https://www.googleapis.com/auth/devstorage.read_only",
                      "https://www.googleapis.com/auth/logging.write",
                      "https://www.googleapis.com/auth/monitoring",
                      "https://www.googleapis.com/auth/service.management.readonly",
                      "https://www.googleapis.com/auth/servicecontrol",
                      "https://www.googleapis.com/auth/trace.append"
                    ],
                    "preemptible": false,
                    "reservation_affinity": [],
                    "resource_labels": {},
                    "service_account": "default",
                    "shielded_instance_config": [
                      {
                        "enable_integrity_monitoring": true,
                        "enable_secure_boot": false
                      }
                    ],
                    "spot": false,
                    "tags": [],
                    "taint": [],
                    "workload_metadata_config": []
                  }
                ],
                "node_count": 1,
                "node_locations": [
                  "us-central1-a"
                ],
                "placement_policy": [],
                "upgrade_settings": [
                  {
                    "blue_green_settings": [],
                    "max_surge": 1,
                    "max_unavailable": 0,
                    "strategy": "SURGE"
                  }
                ],
                "version": "1.25.8-gke.500"
              }
            ],
            "node_pool_defaults": [
              {
                "node_config_defaults": [
                  {
                    "logging_variant": "DEFAULT"
                  }
                ]
              }
            ],
            "node_version": "1.25.8-gke.500",
            "notification_config": [
              {
                "pubsub": [
                  {
                    "enabled": false,
                    "filter": [],
                    "topic": ""
                  }
                ]
              }
            ],
            "operation": null,
            "private_cluster_config": [
              {
                "enable_private_endpoint": false,
                "enable_private_nodes": false,
                "master_global_access_config": [
                  {
                    "enabled": false
                  }
                ],
                "master_ipv4_cidr_block": "",
                "peering_name": "",
                "private_endpoint": "10.128.0.38",
                "private_endpoint_subnetwork": "",
                "public_endpoint": "104.198.251.33"
              }
            ],
            "private_ipv6_google_access": "",
            "project": "advance-cloud-assignment",
            "release_channel": [
              {
                "channel": "REGULAR"
              }
            ],
            "remove_default_node_pool": null,
            "resource_labels": null,
            "resource_usage_export_config": [],
            "self_link": "https://container.googleapis.com/v1/projects/advance-cloud-assignment/zones/us-central1-a/clusters/assignment-cluster",
            "service_external_ips_config": [
              {
                "enabled": false
              }
            ],
            "services_ipv4_cidr": "10.19.240.0/20",
            "subnetwork": "projects/advance-cloud-assignment/regions/us-central1/subnetworks/default",
            "timeouts": null,
            "tpu_ipv4_cidr_block": "",
            "vertical_pod_autoscaling": [],
            "workload_identity_config": []
          },
          "sensitive_attributes": [],
          "private": "eyJlMmJmYjczMC1lY2FhLTExZTYtOGY4OC0zNDM2M2JjN2M0YzAiOnsiY3JlYXRlIjoyNDAwMDAwMDAwMDAwLCJkZWxldGUiOjI0MDAwMDAwMDAwMDAsInJlYWQiOjI0MDAwMDAwMDAwMDAsInVwZGF0ZSI6MzYwMDAwMDAwMDAwMH0sInNjaGVtYV92ZXJzaW9uIjoiMSJ9"
        }
      ]
    }
  ],
  "check_results": null
}
